
Microsoft Visual Studio Solution File, Format Version 12.00
Project("{FAE04EC0-301F-11D3-BF4B-00C04F79EFBC}") = "Lab4", "Lab4.csproj", "{B49EEBAC-6DAC-4707-9167-B61D17D1AC73}"
EndProject
Global
	GlobalSection(SolutionConfigurationPlatforms) = preSolution
		Debug|Any CPU = Debug|Any CPU
		Release|Any CPU = Release|Any CPU
	EndGlobalSection
	GlobalSection(ProjectConfigurationPlatforms) = postSolution
		{B49EEBAC-6DAC-4707-9167-B61D17D1AC73}.Debug|Any CPU.ActiveCfg = Debug|Any CPU
		{B49EEBAC-6DAC-4707-9167-B61D17D1AC73}.Debug|Any CPU.Build.0 = Debug|Any CPU
		{B49EEBAC-6DAC-4707-9167-B61D17D1AC73}.Release|Any CPU.ActiveCfg = Release|Any CPU
		{B49EEBAC-6DAC-4707-9167-B61D17D1AC73}.Release|Any CPU.Build.0 = Release|Any CPU
	EndGlobalSection
EndGlobal
